
Microsoft Visual Studio Solution File, Format Version 12.00
# Visual Studio Version 17
VisualStudioVersion = 17.1.32328.378
MinimumVisualStudioVersion = 10.0.40219.1
Project("{FAE04EC0-301F-11D3-BF4B-00C04F79EFBC}") = "MirrorMakerII", "MirrorMakerII\MirrorMakerII.csproj", "{FD932E74-EFCC-4854-A1C7-5A82F13AB635}"
EndProject
Global
	GlobalSection(SolutionConfigurationPlatforms) = preSolution
		Debug|Any CPU = Debug|Any CPU
		Release|Any CPU = Release|Any CPU
	EndGlobalSection
	GlobalSection(ProjectConfigurationPlatforms) = postSolution
		{FD932E74-EFCC-4854-A1C7-5A82F13AB635}.Debug|Any CPU.ActiveCfg = Debug|Any CPU
		{FD932E74-EFCC-4854-A1C7-5A82F13AB635}.Debug|Any CPU.Build.0 = Debug|Any CPU
		{FD932E74-EFCC-4854-A1C7-5A82F13AB635}.Release|Any CPU.ActiveCfg = Release|Any CPU
		{FD932E74-EFCC-4854-A1C7-5A82F13AB635}.Release|Any CPU.Build.0 = Release|Any CPU
	EndGlobalSection
	GlobalSection(SolutionProperties) = preSolution
		HideSolutionNode = FALSE
	EndGlobalSection
	GlobalSection(ExtensibilityGlobals) = postSolution
		SolutionGuid = {0B0E57AA-85F5-47FB-AF4B-E53A7480BE9F}
	EndGlobalSection
EndGlobal
